
Microsoft Visual Studio Solution File, Format Version 12.00
# Visual Studio Version 17
VisualStudioVersion = 17.9.34723.18
MinimumVisualStudioVersion = 10.0.40219.1
Project("{FAE04EC0-301F-11D3-BF4B-00C04F79EFBC}") = "LINQ", "LINQ\LINQ.csproj", "{F074785B-6BA2-492B-BE07-68241842C7CD}"
EndProject
Global
	GlobalSection(SolutionConfigurationPlatforms) = preSolution
		Debug|Any CPU = Debug|Any CPU
		Release|Any CPU = Release|Any CPU
	EndGlobalSection
	GlobalSection(ProjectConfigurationPlatforms) = postSolution
		{F074785B-6BA2-492B-BE07-68241842C7CD}.Debug|Any CPU.ActiveCfg = Debug|Any CPU
		{F074785B-6BA2-492B-BE07-68241842C7CD}.Debug|Any CPU.Build.0 = Debug|Any CPU
		{F074785B-6BA2-492B-BE07-68241842C7CD}.Release|Any CPU.ActiveCfg = Release|Any CPU
		{F074785B-6BA2-492B-BE07-68241842C7CD}.Release|Any CPU.Build.0 = Release|Any CPU
	EndGlobalSection
	GlobalSection(SolutionProperties) = preSolution
		HideSolutionNode = FALSE
	EndGlobalSection
	GlobalSection(ExtensibilityGlobals) = postSolution
		SolutionGuid = {09F94200-441B-4434-8B3C-8E96AFB37165}
	EndGlobalSection
EndGlobal
